
Microsoft Visual Studio Solution File, Format Version 12.00
# Visual Studio Version 16
VisualStudioVersion = 16.0.29411.138
MinimumVisualStudioVersion = 10.0.40219.1
Project("{9A19103F-16F7-4668-BE54-9A1E7A4F7556}") = "MultiMc.SolderUpdater", "MultiMc.SolderUpdater\MultiMc.SolderUpdater.csproj", "{F3C989CC-FCE9-4AFB-A98A-DF52AEDA0235}"
EndProject
Project("{2150E333-8FDC-42A3-9474-1A3956D46DE8}") = "Solution Items", "Solution Items", "{24A72DBA-FC06-401F-81C9-8A5E93D09414}"
	ProjectSection(SolutionItems) = preProject
		.gitattributes = .gitattributes
		.gitignore = .gitignore
		CHANGELOG.md = CHANGELOG.md
		nuget.config = nuget.config
		publish.bat = publish.bat
		publish.sh = publish.sh
		README.md = README.md
	EndProjectSection
EndProject
Global
	GlobalSection(SolutionConfigurationPlatforms) = preSolution
		Debug|Any CPU = Debug|Any CPU
		Release|Any CPU = Release|Any CPU
	EndGlobalSection
	GlobalSection(ProjectConfigurationPlatforms) = postSolution
		{F3C989CC-FCE9-4AFB-A98A-DF52AEDA0235}.Debug|Any CPU.ActiveCfg = Debug|Any CPU
		{F3C989CC-FCE9-4AFB-A98A-DF52AEDA0235}.Debug|Any CPU.Build.0 = Debug|Any CPU
		{F3C989CC-FCE9-4AFB-A98A-DF52AEDA0235}.Release|Any CPU.ActiveCfg = Release|Any CPU
		{F3C989CC-FCE9-4AFB-A98A-DF52AEDA0235}.Release|Any CPU.Build.0 = Release|Any CPU
	EndGlobalSection
	GlobalSection(SolutionProperties) = preSolution
		HideSolutionNode = FALSE
	EndGlobalSection
	GlobalSection(ExtensibilityGlobals) = postSolution
		SolutionGuid = {483BE781-F65B-4DBB-9A23-A83E0E0A93EF}
	EndGlobalSection
EndGlobal
